
Microsoft Visual Studio Solution File, Format Version 12.00
# Visual Studio 15
VisualStudioVersion = 15.0.28307.489
MinimumVisualStudioVersion = 10.0.40219.1
Project("{FAE04EC0-301F-11D3-BF4B-00C04F79EFBC}") = "Configuretty", "Configuretty\Configuretty.csproj", "{236E2639-E2E8-47E9-8263-096752DE3D08}"
EndProject
Global
	GlobalSection(SolutionConfigurationPlatforms) = preSolution
		Debug|Any CPU = Debug|Any CPU
		Release|Any CPU = Release|Any CPU
	EndGlobalSection
	GlobalSection(ProjectConfigurationPlatforms) = postSolution
		{236E2639-E2E8-47E9-8263-096752DE3D08}.Debug|Any CPU.ActiveCfg = Debug|Any CPU
		{236E2639-E2E8-47E9-8263-096752DE3D08}.Debug|Any CPU.Build.0 = Debug|Any CPU
		{236E2639-E2E8-47E9-8263-096752DE3D08}.Release|Any CPU.ActiveCfg = Release|Any CPU
		{236E2639-E2E8-47E9-8263-096752DE3D08}.Release|Any CPU.Build.0 = Release|Any CPU
	EndGlobalSection
	GlobalSection(SolutionProperties) = preSolution
		HideSolutionNode = FALSE
	EndGlobalSection
	GlobalSection(ExtensibilityGlobals) = postSolution
		SolutionGuid = {7E5E69B1-09E1-44D6-A878-2B42E5B35497}
	EndGlobalSection
EndGlobal
